
Microsoft Visual Studio Solution File, Format Version 12.00
# Visual Studio Version 17
VisualStudioVersion = 17.14.36511.14
MinimumVisualStudioVersion = 10.0.40219.1
Project("{FAE04EC0-301F-11D3-BF4B-00C04F79EFBC}") = "todoApp_proje", "todoApp_proje.csproj", "{531FC1C0-061A-47A8-92A2-0F8F7259E3F6}"
EndProject
Global
	GlobalSection(SolutionConfigurationPlatforms) = preSolution
		Debug|Any CPU = Debug|Any CPU
		Debug|ARM64 = Debug|ARM64
		Debug|x64 = Debug|x64
		Release|Any CPU = Release|Any CPU
		Release|ARM64 = Release|ARM64
		Release|x64 = Release|x64
	EndGlobalSection
	GlobalSection(ProjectConfigurationPlatforms) = postSolution
		{531FC1C0-061A-47A8-92A2-0F8F7259E3F6}.Debug|Any CPU.ActiveCfg = Debug|Any CPU
		{531FC1C0-061A-47A8-92A2-0F8F7259E3F6}.Debug|Any CPU.Build.0 = Debug|Any CPU
		{531FC1C0-061A-47A8-92A2-0F8F7259E3F6}.Debug|ARM64.ActiveCfg = Debug|ARM64
		{531FC1C0-061A-47A8-92A2-0F8F7259E3F6}.Debug|x64.ActiveCfg = Debug|x64
		{531FC1C0-061A-47A8-92A2-0F8F7259E3F6}.Debug|x64.Build.0 = Debug|x64
		{531FC1C0-061A-47A8-92A2-0F8F7259E3F6}.Release|Any CPU.ActiveCfg = Release|Any CPU
		{531FC1C0-061A-47A8-92A2-0F8F7259E3F6}.Release|Any CPU.Build.0 = Release|Any CPU
		{531FC1C0-061A-47A8-92A2-0F8F7259E3F6}.Release|ARM64.ActiveCfg = Release|ARM64
		{531FC1C0-061A-47A8-92A2-0F8F7259E3F6}.Release|ARM64.Build.0 = Release|ARM64
		{531FC1C0-061A-47A8-92A2-0F8F7259E3F6}.Release|x64.ActiveCfg = Release|x64
		{531FC1C0-061A-47A8-92A2-0F8F7259E3F6}.Release|x64.Build.0 = Release|x64
	EndGlobalSection
	GlobalSection(SolutionProperties) = preSolution
		HideSolutionNode = FALSE
	EndGlobalSection
	GlobalSection(ExtensibilityGlobals) = postSolution
		SolutionGuid = {D26DDA87-C6A3-422F-98B2-B7954D1A2960}
	EndGlobalSection
EndGlobal
